
Microsoft Visual Studio Solution File, Format Version 12.00
# Visual Studio Version 17
VisualStudioVersion = 17.3.32901.215
MinimumVisualStudioVersion = 10.0.40219.1
Project("{8BC9CEB8-8B4A-11D0-8D11-00A0C91BC942}") = "Porb_1", "Porb_1\Porb_1.vcxproj", "{93B6CB56-C7C1-4043-B515-5FCC68F68084}"
EndProject
Global
	GlobalSection(SolutionConfigurationPlatforms) = preSolution
		Debug|x64 = Debug|x64
		Debug|x86 = Debug|x86
		Release|x64 = Release|x64
		Release|x86 = Release|x86
	EndGlobalSection
	GlobalSection(ProjectConfigurationPlatforms) = postSolution
		{93B6CB56-C7C1-4043-B515-5FCC68F68084}.Debug|x64.ActiveCfg = Debug|x64
		{93B6CB56-C7C1-4043-B515-5FCC68F68084}.Debug|x64.Build.0 = Debug|x64
		{93B6CB56-C7C1-4043-B515-5FCC68F68084}.Debug|x86.ActiveCfg = Debug|Win32
		{93B6CB56-C7C1-4043-B515-5FCC68F68084}.Debug|x86.Build.0 = Debug|Win32
		{93B6CB56-C7C1-4043-B515-5FCC68F68084}.Release|x64.ActiveCfg = Release|x64
		{93B6CB56-C7C1-4043-B515-5FCC68F68084}.Release|x64.Build.0 = Release|x64
		{93B6CB56-C7C1-4043-B515-5FCC68F68084}.Release|x86.ActiveCfg = Release|Win32
		{93B6CB56-C7C1-4043-B515-5FCC68F68084}.Release|x86.Build.0 = Release|Win32
	EndGlobalSection
	GlobalSection(SolutionProperties) = preSolution
		HideSolutionNode = FALSE
	EndGlobalSection
	GlobalSection(ExtensibilityGlobals) = postSolution
		SolutionGuid = {7E95FC04-ABAD-4E5B-982B-63118526A5B9}
	EndGlobalSection
EndGlobal
