
Microsoft Visual Studio Solution File, Format Version 12.00
# Visual Studio Version 17
VisualStudioVersion = 17.3.32901.215
MinimumVisualStudioVersion = 10.0.40219.1
Project("{8BC9CEB8-8B4A-11D0-8D11-00A0C91BC942}") = "Project2", "Project2\Project2.vcxproj", "{764AD4AF-B3E8-41A5-985D-BB40BA1BF983}"
EndProject
Global
	GlobalSection(SolutionConfigurationPlatforms) = preSolution
		Debug|x64 = Debug|x64
		Debug|x86 = Debug|x86
		Release|x64 = Release|x64
		Release|x86 = Release|x86
	EndGlobalSection
	GlobalSection(ProjectConfigurationPlatforms) = postSolution
		{764AD4AF-B3E8-41A5-985D-BB40BA1BF983}.Debug|x64.ActiveCfg = Debug|x64
		{764AD4AF-B3E8-41A5-985D-BB40BA1BF983}.Debug|x64.Build.0 = Debug|x64
		{764AD4AF-B3E8-41A5-985D-BB40BA1BF983}.Debug|x86.ActiveCfg = Debug|Win32
		{764AD4AF-B3E8-41A5-985D-BB40BA1BF983}.Debug|x86.Build.0 = Debug|Win32
		{764AD4AF-B3E8-41A5-985D-BB40BA1BF983}.Release|x64.ActiveCfg = Release|x64
		{764AD4AF-B3E8-41A5-985D-BB40BA1BF983}.Release|x64.Build.0 = Release|x64
		{764AD4AF-B3E8-41A5-985D-BB40BA1BF983}.Release|x86.ActiveCfg = Release|Win32
		{764AD4AF-B3E8-41A5-985D-BB40BA1BF983}.Release|x86.Build.0 = Release|Win32
	EndGlobalSection
	GlobalSection(SolutionProperties) = preSolution
		HideSolutionNode = FALSE
	EndGlobalSection
	GlobalSection(ExtensibilityGlobals) = postSolution
		SolutionGuid = {234A0391-1D22-447B-842B-FE1C173DD6A1}
	EndGlobalSection
EndGlobal
